{
  "version": 4,
  "terraform_version": "1.11.0",
  "serial": 1,
  "lineage": "c9de6bd8-8ef3-1ea9-87a8-ef10a2a44827",
  "outputs": {},
  "resources": [
    {
      "mode": "managed",
      "type": "local_file",
      "name": "foo",
      "provider": "provider[\"registry.terraform.io/hashicorp/local\"]",
      "instances": [
        {
          "schema_version": 0,
          "attributes": {
            "content": "Conteúdo do arquivo",
            "content_base64": null,
            "content_base64sha256": "K6acRxMX5tH3Bg8zHzCgSS1RJhfMEes0iuSb9XpKXa4=",
            "content_base64sha512": "+LI7gCNpA/8DigAEwbpnbDB5G9S5RnWu1sgi+7vpIVuFNkmI1Pe1RV3sODvOen4OeOxV5FRm+G/xFciddjQLvQ==",
            "content_md5": "0d143967aaeaa82e29925b49f3339360",
            "content_sha1": "b1341e8478651971e640c58ab1a92c55267674ab",
            "content_sha256": "2ba69c471317e6d1f7060f331f30a0492d512617cc11eb348ae49bf57a4a5dae",
            "content_sha512": "f8b23b80236903ff038a0004c1ba676c30791bd4b94675aed6c822fbbbe9215b85364988d4f7b5455dec383bce7a7e0e78ec55e45466f86ff115c89d76340bbd",
            "directory_permission": "0777",
            "file_permission": "0777",
            "filename": "./arquivo.txt",
            "id": "b1341e8478651971e640c58ab1a92c55267674ab",
            "sensitive_content": null,
            "source": null
          },
          "sensitive_attributes": [
            [
              {
                "type": "get_attr",
                "value": "sensitive_content"
              }
            ]
          ]
        }
      ]
    }
  ],
  "check_results": null
}
