{
  "version": 4,
  "terraform_version": "1.11.0",
  "serial": 28,
  "lineage": "c9de6bd8-8ef3-1ea9-87a8-ef10a2a44827",
  "outputs": {},
  "resources": [
    {
      "mode": "managed",
      "type": "local_file",
      "name": "foo",
      "provider": "provider[\"registry.terraform.io/hashicorp/local\"]",
      "instances": [
        {
          "schema_version": 0,
          "attributes": {
            "content": "O valor que vou passar de máquina é nyc1 - pequena - false ",
            "content_base64": null,
            "content_base64sha256": "iTZBAxA9lZoCy6sXa9y7P62i6DT+FZPIQi2TcxLfLo8=",
            "content_base64sha512": "Rl9aSF0mSlt/cNtObEyj7yizB19GzWgCcTYS9rgvp1WZzE6jFII/CVwV1Nkh+7sC/dfVsS0W6flrb9cqIn3CEQ==",
            "content_md5": "af9bdadc212ecd07f73c7c16a2754035",
            "content_sha1": "2a29e7eaa0aefa73770ee3f8232d85073231e5a7",
            "content_sha256": "89364103103d959a02cbab176bdcbb3fada2e834fe1593c8422d937312df2e8f",
            "content_sha512": "465f5a485d264a5b7f70db4e6c4ca3ef28b3075f46cd6802713612f6b82fa75599cc4ea314823f095c15d4d921fbbb02fdd7d5b12d16e9f96b6fd72a227dc211",
            "directory_permission": "0777",
            "file_permission": "0777",
            "filename": "./arquivo.txt",
            "id": "2a29e7eaa0aefa73770ee3f8232d85073231e5a7",
            "sensitive_content": null,
            "source": null
          },
          "sensitive_attributes": [
            [
              {
                "type": "get_attr",
                "value": "sensitive_content"
              }
            ]
          ]
        }
      ]
    }
  ],
  "check_results": null
}
