{
  "version": 4,
  "terraform_version": "1.11.0",
  "serial": 28,
  "lineage": "ac1fef53-ee51-cc13-347b-3f4ff9d96dd3",
  "outputs": {},
  "resources": [
    {
      "mode": "managed",
      "type": "local_file",
      "name": "arquivo",
      "provider": "provider[\"registry.terraform.io/hashicorp/local\"]",
      "instances": [
        {
          "schema_version": 0,
          "attributes": {
            "content": "Esse é o conteúdo do arquivo 1",
            "content_base64": null,
            "content_base64sha256": "SOpwlPR2tBHw9fwdtfccwf+3lW7ziSx2G1Bvl7rM7KE=",
            "content_base64sha512": "iFmFaecQdmHF1YVZgC5hTwUwlCgdo5hozThukNyLIgP20QxT0FYYNI62vhg6hIrRWJkVO0XGZeaPc/pggfEB3w==",
            "content_md5": "78e2af268d6293c601ec9d27ca302815",
            "content_sha1": "930097eff1eece916359e800814105149886e67a",
            "content_sha256": "48ea7094f476b411f0f5fc1db5f71cc1ffb7956ef3892c761b506f97bacceca1",
            "content_sha512": "88598569e7107661c5d58559802e614f053094281da39868cd386e90dc8b2203f6d10c53d05618348eb6be183a848ad15899153b45c665e68f73fa6081f101df",
            "directory_permission": "0777",
            "file_permission": "0777",
            "filename": "./arquivo1.txt",
            "id": "930097eff1eece916359e800814105149886e67a",
            "sensitive_content": null,
            "source": null
          },
          "sensitive_attributes": [
            [
              {
                "type": "get_attr",
                "value": "sensitive_content"
              }
            ]
          ],
          "dependencies": [
            "local_file.outro_arquivo"
          ]
        }
      ]
    },
    {
      "mode": "managed",
      "type": "local_file",
      "name": "outro_arquivo",
      "provider": "provider[\"registry.terraform.io/hashicorp/local\"]",
      "instances": [
        {
          "schema_version": 0,
          "attributes": {
            "content": "Esse é o conteúdo do arquivo 2",
            "content_base64": null,
            "content_base64sha256": "uy5mLyrzvy+FH90/dnIRtibHRLZaPX85UiHmtWgCpzY=",
            "content_base64sha512": "TxclTYhO7mWpFlSdW3SFI9Ls/H8AX4bCQLiMjR+343l2sxZ+JfqjtLBj7w/yqDJ3RyaZSnlMLojOgtUja12ndg==",
            "content_md5": "0117980c118d3a48fd26c8ba7639ff54",
            "content_sha1": "a8e38a2c85a70e0e2985dfc1aac60631c568a962",
            "content_sha256": "bb2e662f2af3bf2f851fdd3f767211b626c744b65a3d7f395221e6b56802a736",
            "content_sha512": "4f17254d884eee65a916549d5b748523d2ecfc7f005f86c240b88c8d1fb7e37976b3167e25faa3b4b063ef0ff2a832774726994a794c2e88ce82d5236b5da776",
            "directory_permission": "0777",
            "file_permission": "0777",
            "filename": "./arquivo2.txt",
            "id": "a8e38a2c85a70e0e2985dfc1aac60631c568a962",
            "sensitive_content": null,
            "source": null
          },
          "sensitive_attributes": [
            [
              {
                "type": "get_attr",
                "value": "sensitive_content"
              }
            ]
          ]
        }
      ]
    }
  ],
  "check_results": null
}
