{
  "version": 4,
  "terraform_version": "1.11.0",
  "serial": 3,
  "lineage": "ac1fef53-ee51-cc13-347b-3f4ff9d96dd3",
  "outputs": {},
  "resources": [
    {
      "mode": "managed",
      "type": "local_file",
      "name": "arquivo_list",
      "provider": "provider[\"registry.terraform.io/hashicorp/local\"]",
      "instances": [
        {
          "schema_version": 0,
          "attributes": {
            "content": "Os nomes definidos foram Maquina01, Maquina02, Maquina03, Maquina04 ",
            "content_base64": null,
            "content_base64sha256": "tqnwAnKj05pUudV8vDYWxVh5730Oj6XuVtlOqQP8KJI=",
            "content_base64sha512": "MlFwTZpn6KGPjOH4XgR5WgvxlUD45g9eH5ONKAhymNNafjo3ekUBWBx1t3t2UATFyB3PHFNZP+Dd/6zSm0FsWA==",
            "content_md5": "32d6204bbec225d7bbdcb4542ebff569",
            "content_sha1": "0f5ad61c59f56e8418325000f3656779a1a465e2",
            "content_sha256": "b6a9f00272a3d39a54b9d57cbc3616c55879ef7d0e8fa5ee56d94ea903fc2892",
            "content_sha512": "3251704d9a67e8a18f8ce1f85e04795a0bf19540f8e60f5e1f938d28087298d35a7e3a377a4501581c75b77b765004c5c81dcf1c53593fe0ddffacd29b416c58",
            "directory_permission": "0777",
            "file_permission": "0777",
            "filename": "arquivo-list.txt",
            "id": "0f5ad61c59f56e8418325000f3656779a1a465e2",
            "sensitive_content": null,
            "source": null
          },
          "sensitive_attributes": [
            [
              {
                "type": "get_attr",
                "value": "sensitive_content"
              }
            ]
          ]
        }
      ]
    },
    {
      "mode": "managed",
      "type": "local_file",
      "name": "arquivo_string",
      "provider": "provider[\"registry.terraform.io/hashicorp/local\"]",
      "instances": [
        {
          "schema_version": 0,
          "attributes": {
            "content": "Teste",
            "content_base64": null,
            "content_base64sha256": "ifMIIQx8eCC60JdPMedRv6Qz0gZqk+gIlHwxiN7bpuM=",
            "content_base64sha512": "cadna/KQton8fm1diaukLvASpEj5ImsGZ8pdD8DVrf6eWIO0EtQtBVhCdK1fiRXesiK+eBxSzh+aYVdO0Jyjyg==",
            "content_md5": "8e6f6f815b50f474cf0dc22d4f400725",
            "content_sha1": "6d7082969a0681db6fe658a26ff16198600f0923",
            "content_sha256": "89f308210c7c7820bad0974f31e751bfa433d2066a93e808947c3188dedba6e3",
            "content_sha512": "71a7676bf290b689fc7e6d5d89aba42ef012a448f9226b0667ca5d0fc0d5adfe9e5883b412d42d05584274ad5f8915deb222be781c52ce1f9a61574ed09ca3ca",
            "directory_permission": "0777",
            "file_permission": "0777",
            "filename": "arquivo-string.txt",
            "id": "6d7082969a0681db6fe658a26ff16198600f0923",
            "sensitive_content": null,
            "source": null
          },
          "sensitive_attributes": [
            [
              {
                "type": "get_attr",
                "value": "sensitive_content"
              }
            ]
          ]
        }
      ]
    }
  ],
  "check_results": null
}
