{
  "version": 4,
  "terraform_version": "1.11.0",
  "serial": 57,
  "lineage": "ac1fef53-ee51-cc13-347b-3f4ff9d96dd3",
  "outputs": {},
  "resources": [
    {
      "mode": "managed",
      "type": "local_file",
      "name": "arquivo",
      "provider": "provider[\"registry.terraform.io/hashicorp/local\"]",
      "instances": [
        {
          "index_key": "Maquina 01",
          "schema_version": 0,
          "attributes": {
            "content": "Esse é o conteúdo do arquivo - Maquina 01 ",
            "content_base64": null,
            "content_base64sha256": "wS2/6iPHeBNBRUjnGDXrSs93w3L4gf5XH9e3+ZaDwYk=",
            "content_base64sha512": "JdphBEKUZ/6ocSApz/swYmXpgnbuWs1s31cdmeSd6a9t1YS+I36U7XqrjPSx4DVI4t/LDjOQbdmvzqsrPzCIYw==",
            "content_md5": "36d4e1e77c90b85e9b95a728f7fcaca5",
            "content_sha1": "8430427a307d8ba961c6ca01aeb321f9e13e0ee6",
            "content_sha256": "c12dbfea23c77813414548e71835eb4acf77c372f881fe571fd7b7f99683c189",
            "content_sha512": "25da6104429467fea8712029cffb306265e98276ee5acd6cdf571d99e49de9af6dd584be237e94ed7aab8cf4b1e03548e2dfcb0e33906dd9afceab2b3f308863",
            "directory_permission": "0777",
            "file_permission": "0777",
            "filename": "./arquivo - Maquina 01.txt",
            "id": "8430427a307d8ba961c6ca01aeb321f9e13e0ee6",
            "sensitive_content": null,
            "source": null
          },
          "sensitive_attributes": [
            [
              {
                "type": "get_attr",
                "value": "sensitive_content"
              }
            ]
          ]
        },
        {
          "index_key": "Maquina 02",
          "schema_version": 0,
          "attributes": {
            "content": "Esse é o conteúdo do arquivo - Maquina 02 ",
            "content_base64": null,
            "content_base64sha256": "sc1QaLzwa5Lz62IoNUImYmKc1fY0fm37LlqWwZPkafA=",
            "content_base64sha512": "9oNBgyp1AmW/QOmL7D4qk8rgo4zBVXTmwPDbjcMD+KW9CsgvSQgbZC/tA2smqbMRTzqxXOAofum8JsgHaH31ng==",
            "content_md5": "2e7b0d090e9ede02f7a27b15d3ffeb92",
            "content_sha1": "b4b5945b3531fabbce7367df680ed5b1707a8997",
            "content_sha256": "b1cd5068bcf06b92f3eb622835422662629cd5f6347e6dfb2e5a96c193e469f0",
            "content_sha512": "f68341832a750265bf40e98bec3e2a93cae0a38cc15574e6c0f0db8dc303f8a5bd0ac82f49081b642fed036b26a9b3114f3ab15ce0287ee9bc26c807687df59e",
            "directory_permission": "0777",
            "file_permission": "0777",
            "filename": "./arquivo - Maquina 02.txt",
            "id": "b4b5945b3531fabbce7367df680ed5b1707a8997",
            "sensitive_content": null,
            "source": null
          },
          "sensitive_attributes": [
            [
              {
                "type": "get_attr",
                "value": "sensitive_content"
              }
            ]
          ]
        },
        {
          "index_key": "Maquina 03",
          "schema_version": 0,
          "attributes": {
            "content": "Esse é o conteúdo do arquivo - Maquina 03 ",
            "content_base64": null,
            "content_base64sha256": "MveEEbhGc+fuvFZDzHcNL9WX0K3ZMBuYUFqfaBCt05E=",
            "content_base64sha512": "D/4z+ZfrN60AjAwchw1/YhzWeY30svMZTL7joACd/vXkvVNIuScJjB5GoKfAWMRaYoUmnug9f4DSn+txs46s/w==",
            "content_md5": "1ff4492cb56ce9c4df2401733e6c06f4",
            "content_sha1": "104e700bbee5240cc9d012f6f56cbd18fb49eda2",
            "content_sha256": "32f78411b84673e7eebc5643cc770d2fd597d0add9301b98505a9f6810add391",
            "content_sha512": "0ffe33f997eb37ad008c0c1c870d7f621cd6798df4b2f3194cbee3a0009dfef5e4bd5348b927098c1e46a0a7c058c45a6285269ee83d7f80d29feb71b38eacff",
            "directory_permission": "0777",
            "file_permission": "0777",
            "filename": "./arquivo - Maquina 03.txt",
            "id": "104e700bbee5240cc9d012f6f56cbd18fb49eda2",
            "sensitive_content": null,
            "source": null
          },
          "sensitive_attributes": [
            [
              {
                "type": "get_attr",
                "value": "sensitive_content"
              }
            ]
          ]
        }
      ]
    }
  ],
  "check_results": null
}
