{
  "version": 4,
  "terraform_version": "1.11.0",
  "serial": 25,
  "lineage": "c9de6bd8-8ef3-1ea9-87a8-ef10a2a44827",
  "outputs": {},
  "resources": [
    {
      "mode": "managed",
      "type": "local_file",
      "name": "foo",
      "provider": "provider[\"registry.terraform.io/hashicorp/local\"]",
      "instances": [
        {
          "schema_version": 0,
          "attributes": {
            "content": "O valor que vou passar de máquina é nyc1 - media - false ",
            "content_base64": null,
            "content_base64sha256": "aftsipVQnyISqzxxUj6SIGvd7zR3XVjSas6RkPizNCI=",
            "content_base64sha512": "JwBzdVy3+XllttaTU2sdLYl66Kl+e6Xb6Tn8TUtRZLFYRSXm1gSnF4HoiwciXwfPCDN2OoWcCeK828xFG/O60w==",
            "content_md5": "e92905d28afdd29d817e34beded9ff34",
            "content_sha1": "95bb601fab0bb0a75197343e4d974d5d6ce548bf",
            "content_sha256": "69fb6c8a95509f2212ab3c71523e92206bddef34775d58d26ace9190f8b33422",
            "content_sha512": "270073755cb7f97965b6d693536b1d2d897ae8a97e7ba5dbe939fc4d4b5164b1584525e6d604a71781e88b07225f07cf0833763a859c09e2bcdbcc451bf3bad3",
            "directory_permission": "0777",
            "file_permission": "0777",
            "filename": "./arquivo.txt",
            "id": "95bb601fab0bb0a75197343e4d974d5d6ce548bf",
            "sensitive_content": null,
            "source": null
          },
          "sensitive_attributes": [
            [
              {
                "type": "get_attr",
                "value": "sensitive_content"
              }
            ]
          ]
        }
      ]
    }
  ],
  "check_results": null
}
