{
  "version": 4,
  "terraform_version": "1.11.0",
  "serial": 126,
  "lineage": "ac1fef53-ee51-cc13-347b-3f4ff9d96dd3",
  "outputs": {},
  "resources": [
    {
      "module": "module.wp_stack",
      "mode": "managed",
      "type": "digitalocean_vpc",
      "name": "wp_net",
      "provider": "provider[\"registry.terraform.io/digitalocean/digitalocean\"]",
      "instances": [
        {
          "schema_version": 0,
          "attributes": {
            "created_at": "2025-04-16 13:25:24 +0000 UTC",
            "default": false,
            "description": "",
            "id": "f3159fd6-0b87-48b2-9908-4203fefc946d",
            "ip_range": "10.116.16.0/20",
            "name": "wp-network",
            "region": "nyc1",
            "timeouts": null,
            "urn": "do:vpc:f3159fd6-0b87-48b2-9908-4203fefc946d"
          },
          "sensitive_attributes": [],
          "private": ""
        }
      ]
    }
  ],
  "check_results": [
    {
      "object_kind": "var",
      "config_addr": "module.wp_stack.var.wp_vm_count",
      "status": "unknown",
      "objects": null
    },
    {
      "object_kind": "var",
      "config_addr": "var.wp_vm_count",
      "status": "unknown",
      "objects": null
    }
  ]
}
