{
  "version": 4,
  "terraform_version": "1.11.0",
  "serial": 47,
  "lineage": "ac1fef53-ee51-cc13-347b-3f4ff9d96dd3",
  "outputs": {},
  "resources": [
    {
      "mode": "managed",
      "type": "local_file",
      "name": "arquivo",
      "provider": "provider[\"registry.terraform.io/hashicorp/local\"]",
      "instances": [
        {
          "index_key": 0,
          "schema_version": 0,
          "attributes": {
            "content": "Esse é o conteúdo do arquivo - 1 ",
            "content_base64": null,
            "content_base64sha256": "U3TMkZQhtsy+L5sI+7NExFIQlB7pyN2O8vG8ZJWUTRg=",
            "content_base64sha512": "LAdxb1xa1Bnc/+ja4saCENsQsI7KFEIWLkolr/1nebhqQUJdJIiru1clZCw3WLBlLY66/Z+KQeBfbO34U/AkFg==",
            "content_md5": "e32a969304f9a004260e6aafc9fc0215",
            "content_sha1": "bd603451f9092901a9babc1c5011cbaac8ab77a9",
            "content_sha256": "5374cc919421b6ccbe2f9b08fbb344c45210941ee9c8dd8ef2f1bc6495944d18",
            "content_sha512": "2c07716f5c5ad419dcffe8dae2c68210db10b08eca1442162e4a25affd6779b86a41425d2488abbb5725642c3758b0652d8ebafd9f8a41e05f6cedf853f02416",
            "directory_permission": "0777",
            "file_permission": "0777",
            "filename": "./arquivo - 1.txt",
            "id": "bd603451f9092901a9babc1c5011cbaac8ab77a9",
            "sensitive_content": null,
            "source": null
          },
          "sensitive_attributes": [
            [
              {
                "type": "get_attr",
                "value": "sensitive_content"
              }
            ]
          ]
        },
        {
          "index_key": 1,
          "schema_version": 0,
          "attributes": {
            "content": "Esse é o conteúdo do arquivo - 2 ",
            "content_base64": null,
            "content_base64sha256": "Qdqm1xech31ov8NLnd+4bi6rmNBomp8xCFbQ5yOb0Gg=",
            "content_base64sha512": "Lv66xgR+E0EYr61aTD3a1yddGt2hDfsEnLiOckhruXUWo3+RWlB9oCCNq07Nlp2XbKV0bYOewl7T+S4uNdboCw==",
            "content_md5": "544b90f45bca920e480dca81f0642cef",
            "content_sha1": "494047998367c72065c0d8587b67fbde20b04c56",
            "content_sha256": "41daa6d7179c877d68bfc34b9ddfb86e2eab98d0689a9f310856d0e7239bd068",
            "content_sha512": "2efebac6047e134118afad5a4c3ddad7275d1adda10dfb049cb88e72486bb97516a37f915a507da0208dab4ecd969d976ca5746d839ec25ed3f92e2e35d6e80b",
            "directory_permission": "0777",
            "file_permission": "0777",
            "filename": "./arquivo - 2.txt",
            "id": "494047998367c72065c0d8587b67fbde20b04c56",
            "sensitive_content": null,
            "source": null
          },
          "sensitive_attributes": [
            [
              {
                "type": "get_attr",
                "value": "sensitive_content"
              }
            ]
          ]
        },
        {
          "index_key": 2,
          "schema_version": 0,
          "attributes": {
            "content": "Esse é o conteúdo do arquivo - 3 ",
            "content_base64": null,
            "content_base64sha256": "kUSmYNoyMiPhvO3aSHs6tfGCl9fqlJW11tIk7bs/lRU=",
            "content_base64sha512": "jXvC9P50sC0lHoJKXIvIKM6dBc5TTeTnlIHA2AhQWRA8V+NJwUxEfD4JKlioeS6DolPVxcCka3PksGuH3FZQmg==",
            "content_md5": "295e84f3541bd307a54f8185c958045e",
            "content_sha1": "a6ab62ca63a1bcb9cc7e4ac872718e0db61396e8",
            "content_sha256": "9144a660da323223e1bcedda487b3ab5f18297d7ea9495b5d6d224edbb3f9515",
            "content_sha512": "8d7bc2f4fe74b02d251e824a5c8bc828ce9d05ce534de4e79481c0d8085059103c57e349c14c447c3e092a58a8792e83a253d5c5c0a46b73e4b06b87dc56509a",
            "directory_permission": "0777",
            "file_permission": "0777",
            "filename": "./arquivo - 3.txt",
            "id": "a6ab62ca63a1bcb9cc7e4ac872718e0db61396e8",
            "sensitive_content": null,
            "source": null
          },
          "sensitive_attributes": [
            [
              {
                "type": "get_attr",
                "value": "sensitive_content"
              }
            ]
          ]
        },
        {
          "index_key": 3,
          "schema_version": 0,
          "attributes": {
            "content": "Esse é o conteúdo do arquivo - 4 ",
            "content_base64": null,
            "content_base64sha256": "Bgk++xX/by0um+25Iozlfz4Uv+Fvl22qjIXrpgZ689E=",
            "content_base64sha512": "DIun70Cz3Y9Hl9UZPKR4P0kgZ3M0McYEeMWhj5cS08sbwnvQzPvqooYpBW9cNK5GEHoXKWVdz7S2UwZAHxdbbg==",
            "content_md5": "cd083208c5e4d0e570e8ada0140edac6",
            "content_sha1": "420d3cf48e0efdb2a304130eb14d5c10ba0a9ea5",
            "content_sha256": "06093efb15ff6f2d2e9bedb9228ce57f3e14bfe16f976daa8c85eba6067af3d1",
            "content_sha512": "0c8ba7ef40b3dd8f4797d5193ca4783f492067733431c60478c5a18f9712d3cb1bc27bd0ccfbeaa28629056f5c34ae46107a1729655dcfb4b65306401f175b6e",
            "directory_permission": "0777",
            "file_permission": "0777",
            "filename": "./arquivo - 4.txt",
            "id": "420d3cf48e0efdb2a304130eb14d5c10ba0a9ea5",
            "sensitive_content": null,
            "source": null
          },
          "sensitive_attributes": [
            [
              {
                "type": "get_attr",
                "value": "sensitive_content"
              }
            ]
          ]
        },
        {
          "index_key": 4,
          "schema_version": 0,
          "attributes": {
            "content": "Esse é o conteúdo do arquivo - 5 ",
            "content_base64": null,
            "content_base64sha256": "FNW7W39zS67YhUf8He5aY0Iy88c/Z2rMSDsTVNBSZmk=",
            "content_base64sha512": "o4pSDYZ4REfU8wGcGhGnxAoN2NsBTjh2kU48hlelraerwOhbg9ren/mnhriiPChM7Uiq2rscIsJm3buOJUknow==",
            "content_md5": "229863a3403df874f290e58116e74d9f",
            "content_sha1": "caaf35e896331b8f807d88f4d5a229f1ceccbe27",
            "content_sha256": "14d5bb5b7f734baed88547fc1dee5a634232f3c73f676acc483b1354d0526669",
            "content_sha512": "a38a520d86784447d4f3019c1a11a7c40a0dd8db014e3876914e3c8657a5ada7abc0e85b83dade9ff9a786b8a23c284ced48aadabb1c22c266ddbb8e254927a3",
            "directory_permission": "0777",
            "file_permission": "0777",
            "filename": "./arquivo - 5.txt",
            "id": "caaf35e896331b8f807d88f4d5a229f1ceccbe27",
            "sensitive_content": null,
            "source": null
          },
          "sensitive_attributes": [
            [
              {
                "type": "get_attr",
                "value": "sensitive_content"
              }
            ]
          ]
        }
      ]
    }
  ],
  "check_results": null
}
