{
  "version": 4,
  "terraform_version": "1.11.0",
  "serial": 22,
  "lineage": "c9de6bd8-8ef3-1ea9-87a8-ef10a2a44827",
  "outputs": {},
  "resources": [
    {
      "mode": "managed",
      "type": "local_file",
      "name": "foo",
      "provider": "provider[\"registry.terraform.io/hashicorp/local\"]",
      "instances": [
        {
          "schema_version": 0,
          "attributes": {
            "content": "O valor que vou passar de máquina é outra_maquina, s-1vcpu-2gb, s-1vcpu-4gb, s-1vcpu-8gb",
            "content_base64": null,
            "content_base64sha256": "Tej7wspfGj8puJkRLmXVzYA1N3W8qLv7B+4+6+FCEjE=",
            "content_base64sha512": "8pWFnsuDh5LaTarqWF5nNtt+/YIAJEI1WwolVhsLQjoLtpfCMPkP7zEHm8anzjo1n+YwjH9MAX/vLkIZupPnjQ==",
            "content_md5": "3a2999ec56146186567625af88066cb4",
            "content_sha1": "68e6a98a64984a9cf031d677c506464d878661a6",
            "content_sha256": "4de8fbc2ca5f1a3f29b899112e65d5cd80353775bca8bbfb07ee3eebe1421231",
            "content_sha512": "f295859ecb838792da4daaea585e6736db7efd82002442355b0a25561b0b423a0bb697c230f90fef31079bc6a7ce3a359fe6308c7f4c017fef2e4219ba93e78d",
            "directory_permission": "0777",
            "file_permission": "0777",
            "filename": "./arquivo.txt",
            "id": "68e6a98a64984a9cf031d677c506464d878661a6",
            "sensitive_content": null,
            "source": null
          },
          "sensitive_attributes": [
            [
              {
                "type": "get_attr",
                "value": "sensitive_content"
              }
            ]
          ]
        }
      ]
    }
  ],
  "check_results": null
}
