{
  "version": 4,
  "terraform_version": "1.11.0",
  "serial": 4,
  "lineage": "c9de6bd8-8ef3-1ea9-87a8-ef10a2a44827",
  "outputs": {},
  "resources": [
    {
      "mode": "managed",
      "type": "local_file",
      "name": "foo",
      "provider": "provider[\"registry.terraform.io/hashicorp/local\"]",
      "instances": [
        {
          "schema_version": 0,
          "attributes": {
            "content": "Novo conteudo do arquivo",
            "content_base64": null,
            "content_base64sha256": "obHFIcUzurbPUq9IxbSn3q4djlf7radzgZoEXlmvRDs=",
            "content_base64sha512": "P9Cj3Kqj5SvZothJahrGi76KRf2Xdq+lA8ZUBjIFzVk1Awbhq3sPHEO5pGl6rtePlk4YgJsYClsc4ejyftj2hA==",
            "content_md5": "3c8146fb40d81d37084303e6436b8bc8",
            "content_sha1": "9cbb5c904d9055ffc123c80838fbb599331f231d",
            "content_sha256": "a1b1c521c533bab6cf52af48c5b4a7deae1d8e57fbada773819a045e59af443b",
            "content_sha512": "3fd0a3dcaaa3e52bd9a2d8496a1ac68bbe8a45fd9776afa503c654063205cd59350306e1ab7b0f1c43b9a4697aaed78f964e18809b180a5b1ce1e8f27ed8f684",
            "directory_permission": "0777",
            "file_permission": "0777",
            "filename": "./arquivo.txt",
            "id": "9cbb5c904d9055ffc123c80838fbb599331f231d",
            "sensitive_content": null,
            "source": null
          },
          "sensitive_attributes": [
            [
              {
                "type": "get_attr",
                "value": "sensitive_content"
              }
            ]
          ]
        }
      ]
    }
  ],
  "check_results": null
}
