{
  "version": 4,
  "terraform_version": "1.11.0",
  "serial": 13,
  "lineage": "ac1fef53-ee51-cc13-347b-3f4ff9d96dd3",
  "outputs": {},
  "resources": [
    {
      "mode": "managed",
      "type": "local_file",
      "name": "arquivo_list",
      "provider": "provider[\"registry.terraform.io/hashicorp/local\"]",
      "instances": [
        {
          "schema_version": 0,
          "attributes": {
            "content": "Os nomes definidos foram Maquina05, Maquina06 ",
            "content_base64": null,
            "content_base64sha256": "r1FQY4yXm2J6I2uTOYmrQslMoR/rzkv4mNLyqLgTPFk=",
            "content_base64sha512": "YMAkosMthaWXUSqK5NmqWz16kZ0S5skjnTV8XIIhGYJXxtArDDaobMMdygAY0DlWzWYN8sNs28gtRmeSvbQubw==",
            "content_md5": "5eeba8d46c3e3f9b17df9ffffffc5fd5",
            "content_sha1": "5a1c6fbd6acc3117ff7a2e2c1634f82d36b93d30",
            "content_sha256": "af5150638c979b627a236b933989ab42c94ca11febce4bf898d2f2a8b8133c59",
            "content_sha512": "60c024a2c32d85a597512a8ae4d9aa5b3d7a919d12e6c9239d357c5c8221198257c6d02b0c36a86cc31dca0018d03956cd660df2c36cdbc82d466792bdb42e6f",
            "directory_permission": "0777",
            "file_permission": "0777",
            "filename": "arquivo-list.txt",
            "id": "5a1c6fbd6acc3117ff7a2e2c1634f82d36b93d30",
            "sensitive_content": null,
            "source": null
          },
          "sensitive_attributes": [
            [
              {
                "type": "get_attr",
                "value": "sensitive_content"
              }
            ]
          ]
        }
      ]
    },
    {
      "mode": "managed",
      "type": "local_file",
      "name": "arquivo_string",
      "provider": "provider[\"registry.terraform.io/hashicorp/local\"]",
      "instances": [
        {
          "schema_version": 0,
          "attributes": {
            "content": "Teste de variável passada pelo terminal",
            "content_base64": null,
            "content_base64sha256": "bGcSRTKUSuSs8RDP7TWEImExaQ9YlKinI87Tx8m//E0=",
            "content_base64sha512": "O7aUo8J/2cMGH+iqSikBf4GNejVz333Gp4ZhonCsW70H48SdMYmncggk9MhHh2zToAo+N7jBncEnc+Meu1JHHg==",
            "content_md5": "0ce911c6f8d6581a1ea8653ef224a441",
            "content_sha1": "b91c7f4d659872e36c95265a4733d7c5785a5728",
            "content_sha256": "6c67124532944ae4acf110cfed3584226131690f5894a8a723ced3c7c9bffc4d",
            "content_sha512": "3bb694a3c27fd9c3061fe8aa4a29017f818d7a3573df7dc6a78661a270ac5bbd07e3c49d3189a7720824f4c847876cd3a00a3e37b8c19dc12773e31ebb52471e",
            "directory_permission": "0777",
            "file_permission": "0777",
            "filename": "arquivo-string.txt",
            "id": "b91c7f4d659872e36c95265a4733d7c5785a5728",
            "sensitive_content": null,
            "source": null
          },
          "sensitive_attributes": [
            [
              {
                "type": "get_attr",
                "value": "sensitive_content"
              }
            ]
          ]
        }
      ]
    }
  ],
  "check_results": null
}
