{
  "version": 4,
  "terraform_version": "1.11.0",
  "serial": 8,
  "lineage": "ac1fef53-ee51-cc13-347b-3f4ff9d96dd3",
  "outputs": {},
  "resources": [
    {
      "mode": "managed",
      "type": "local_file",
      "name": "arquivo_list",
      "provider": "provider[\"registry.terraform.io/hashicorp/local\"]",
      "instances": [
        {
          "schema_version": 0,
          "attributes": {
            "content": "Os nomes definidos foram Maquina01, Maquina02 ",
            "content_base64": null,
            "content_base64sha256": "I++45C4wDy3mL0gINQMRKPj2JmEdROc9t7NNkw1A5EY=",
            "content_base64sha512": "Wj20Q7QlcKZ8/6MkAprT8P4gOllZhPQeX+qp1wP2hf3WawsRzxeN4S0PMPbucR4mxs+xelsdBiLD1bP0y3clhA==",
            "content_md5": "de743f6d4b6078ce819ee413c8f071c8",
            "content_sha1": "1a877ffd5e5a7d1d91bdcba2ccedb69720bb05fd",
            "content_sha256": "23efb8e42e300f2de62f480835031128f8f626611d44e73db7b34d930d40e446",
            "content_sha512": "5a3db443b42570a67cffa324029ad3f0fe203a595984f41e5feaa9d703f685fdd66b0b11cf178de12d0f30f6ee711e26c6cfb17a5b1d0622c3d5b3f4cb772584",
            "directory_permission": "0777",
            "file_permission": "0777",
            "filename": "arquivo-list.txt",
            "id": "1a877ffd5e5a7d1d91bdcba2ccedb69720bb05fd",
            "sensitive_content": null,
            "source": null
          },
          "sensitive_attributes": [
            [
              {
                "type": "get_attr",
                "value": "sensitive_content"
              }
            ]
          ]
        }
      ]
    },
    {
      "mode": "managed",
      "type": "local_file",
      "name": "arquivo_string",
      "provider": "provider[\"registry.terraform.io/hashicorp/local\"]",
      "instances": [
        {
          "schema_version": 0,
          "attributes": {
            "content": "Passando variavel pelo terminal",
            "content_base64": null,
            "content_base64sha256": "svkYfpHOBXIUW3J/jVrO4n8IceS78e0+i1JIbUzHEUg=",
            "content_base64sha512": "LNGyBvzB3lQrnAA8XhIQ3GJbp7rjfcv7Uq5kUSdURoll4XbmMlTYd98eeWNxoA/dcoWn+Fj2Kkb11v+RLJzm/w==",
            "content_md5": "d354d3c19c3066a7ae75bf87007b72b4",
            "content_sha1": "57f2c42e86da9e598275f4c6ad2068020f88174a",
            "content_sha256": "b2f9187e91ce0572145b727f8d5acee27f0871e4bbf1ed3e8b52486d4cc71148",
            "content_sha512": "2cd1b206fcc1de542b9c003c5e1210dc625ba7bae37dcbfb52ae64512754468965e176e63254d877df1e796371a00fdd7285a7f858f62a46f5d6ff912c9ce6ff",
            "directory_permission": "0777",
            "file_permission": "0777",
            "filename": "arquivo-string.txt",
            "id": "57f2c42e86da9e598275f4c6ad2068020f88174a",
            "sensitive_content": null,
            "source": null
          },
          "sensitive_attributes": [
            [
              {
                "type": "get_attr",
                "value": "sensitive_content"
              }
            ]
          ]
        }
      ]
    }
  ],
  "check_results": null
}
