{
  "version": 4,
  "terraform_version": "1.11.0",
  "serial": 116,
  "lineage": "ac1fef53-ee51-cc13-347b-3f4ff9d96dd3",
  "outputs": {
    "stack_nfs_vm_ips": {
      "value": "157.230.178.168",
      "type": "string"
    },
    "stack_wp_db_pwd": {
      "value": "",
      "type": "string",
      "sensitive": true
    },
    "stack_wp_db_user": {
      "value": "wordpress",
      "type": "string"
    },
    "stack_wp_lb_ip": {
      "value": "24.144.65.58",
      "type": "string"
    },
    "stack_wp_vm_ips": {
      "value": [
        "134.122.120.73",
        "142.93.206.205"
      ],
      "type": [
        "tuple",
        [
          "string",
          "string"
        ]
      ]
    }
  },
  "resources": [
    {
      "mode": "managed",
      "type": "digitalocean_ssh_key",
      "name": "ssh",
      "provider": "provider[\"registry.terraform.io/digitalocean/digitalocean\"]",
      "instances": [
        {
          "schema_version": 0,
          "attributes": {
            "fingerprint": "f9:27:bf:af:6c:73:e8:f0:f5:9c:03:68:33:ff:85:d5",
            "id": "46838604",
            "name": "wp-ssh",
            "public_key": ""
          },
          "sensitive_attributes": [],
          "private": "bnVsbA=="
        }
      ]
    },
    {
      "module": "module.wp_stack",
      "mode": "managed",
      "type": "digitalocean_database_cluster",
      "name": "wp_mysql",
      "provider": "provider[\"registry.terraform.io/digitalocean/digitalocean\"]",
      "instances": [
        {
          "schema_version": 0,
          "attributes": {
            "database": "defaultdb",
            "engine": "mysql",
            "eviction_policy": null,
            "host": "wp-mysql-do-user-19485919-0.f.db.ondigitalocean.com",
            "id": "d5c168c9-fea1-4f42-8078-0a7757ed2ded",
            "maintenance_window": [],
            "name": "wp-mysql",
            "node_count": 1,
            "password": "",
            "port": 25060,
            "private_host": "private-wp-mysql-do-user-19485919-0.f.db.ondigitalocean.com",
            "private_network_uuid": "f3159fd6-0b87-48b2-9908-4203fefc946d",
            "private_uri": "mysql://doadmin:AVNS_xSN81mkb6FFpCjrY7ps@private-wp-mysql-do-user-19485919-0.f.db.ondigitalocean.com:25060/defaultdb?ssl-mode=REQUIRED",
            "region": "nyc1",
            "size": "db-s-1vcpu-1gb",
            "sql_mode": null,
            "tags": null,
            "uri": "mysql://doadmin:AVNS_xSN81mkb6FFpCjrY7ps@wp-mysql-do-user-19485919-0.f.db.ondigitalocean.com:25060/defaultdb?ssl-mode=REQUIRED",
            "urn": "do:dbaas:d5c168c9-fea1-4f42-8078-0a7757ed2ded",
            "user": "doadmin",
            "version": "8"
          },
          "sensitive_attributes": [
            [
              {
                "type": "get_attr",
                "value": "password"
              }
            ],
            [
              {
                "type": "get_attr",
                "value": "uri"
              }
            ],
            [
              {
                "type": "get_attr",
                "value": "private_uri"
              }
            ]
          ],
          "private": "bnVsbA==",
          "dependencies": [
            "module.wp_stack.digitalocean_vpc.wp_net"
          ]
        }
      ]
    },
    {
      "module": "module.wp_stack",
      "mode": "managed",
      "type": "digitalocean_database_db",
      "name": "wp_database",
      "provider": "provider[\"registry.terraform.io/digitalocean/digitalocean\"]",
      "instances": [
        {
          "schema_version": 0,
          "attributes": {
            "cluster_id": "d5c168c9-fea1-4f42-8078-0a7757ed2ded",
            "id": "d5c168c9-fea1-4f42-8078-0a7757ed2ded/database/wp-database",
            "name": "wp-database"
          },
          "sensitive_attributes": [],
          "private": "bnVsbA==",
          "dependencies": [
            "module.wp_stack.digitalocean_database_cluster.wp_mysql",
            "module.wp_stack.digitalocean_vpc.wp_net"
          ]
        }
      ]
    },
    {
      "module": "module.wp_stack",
      "mode": "managed",
      "type": "digitalocean_database_user",
      "name": "wp_database_user",
      "provider": "provider[\"registry.terraform.io/digitalocean/digitalocean\"]",
      "instances": [
        {
          "schema_version": 0,
          "attributes": {
            "cluster_id": "d5c168c9-fea1-4f42-8078-0a7757ed2ded",
            "id": "d5c168c9-fea1-4f42-8078-0a7757ed2ded/user/wordpress",
            "mysql_auth_plugin": "caching_sha2_password",
            "name": "wordpress",
            "password": "",
            "role": "normal"
          },
          "sensitive_attributes": [
            [
              {
                "type": "get_attr",
                "value": "password"
              }
            ]
          ],
          "private": "bnVsbA==",
          "dependencies": [
            "module.wp_stack.digitalocean_database_cluster.wp_mysql",
            "module.wp_stack.digitalocean_vpc.wp_net"
          ]
        }
      ]
    },
    {
      "module": "module.wp_stack",
      "mode": "managed",
      "type": "digitalocean_droplet",
      "name": "vm_nfs",
      "provider": "provider[\"registry.terraform.io/digitalocean/digitalocean\"]",
      "instances": [
        {
          "schema_version": 1,
          "attributes": {
            "backups": false,
            "created_at": "2025-04-16T13:25:25Z",
            "disk": 60,
            "id": "489719985",
            "image": "ubuntu-22-04-x64",
            "ipv4_address": "157.230.178.168",
            "ipv4_address_private": "10.116.16.2",
            "ipv6": false,
            "ipv6_address": "",
            "locked": false,
            "memory": 2048,
            "monitoring": false,
            "name": "vm-nfs",
            "price_hourly": 0.02679,
            "price_monthly": 18,
            "private_networking": true,
            "region": "nyc1",
            "resize_disk": true,
            "size": "s-2vcpu-2gb",
            "ssh_keys": [
              "f9:27:bf:af:6c:73:e8:f0:f5:9c:03:68:33:ff:85:d5"
            ],
            "status": "active",
            "tags": null,
            "urn": "do:droplet:489719985",
            "user_data": null,
            "vcpus": 2,
            "volume_ids": [],
            "vpc_uuid": "f3159fd6-0b87-48b2-9908-4203fefc946d"
          },
          "sensitive_attributes": [],
          "private": "",
          "dependencies": [
            "digitalocean_ssh_key.ssh",
            "module.wp_stack.digitalocean_vpc.wp_net"
          ]
        }
      ]
    },
    {
      "module": "module.wp_stack",
      "mode": "managed",
      "type": "digitalocean_droplet",
      "name": "vm_wp",
      "provider": "provider[\"registry.terraform.io/digitalocean/digitalocean\"]",
      "instances": [
        {
          "index_key": 0,
          "schema_version": 1,
          "attributes": {
            "backups": false,
            "created_at": "2025-04-16T13:25:26Z",
            "disk": 60,
            "id": "489719987",
            "image": "ubuntu-22-04-x64",
            "ipv4_address": "134.122.120.73",
            "ipv4_address_private": "10.116.16.4",
            "ipv6": false,
            "ipv6_address": "",
            "locked": false,
            "memory": 2048,
            "monitoring": false,
            "name": "vm-wp-1",
            "price_hourly": 0.02679,
            "price_monthly": 18,
            "private_networking": true,
            "region": "nyc1",
            "resize_disk": true,
            "size": "s-2vcpu-2gb",
            "ssh_keys": [
              "f9:27:bf:af:6c:73:e8:f0:f5:9c:03:68:33:ff:85:d5"
            ],
            "status": "active",
            "tags": null,
            "urn": "do:droplet:489719987",
            "user_data": null,
            "vcpus": 2,
            "volume_ids": [],
            "vpc_uuid": "f3159fd6-0b87-48b2-9908-4203fefc946d"
          },
          "sensitive_attributes": [],
          "private": "",
          "dependencies": [
            "digitalocean_ssh_key.ssh",
            "module.wp_stack.digitalocean_vpc.wp_net"
          ]
        },
        {
          "index_key": 1,
          "schema_version": 1,
          "attributes": {
            "backups": false,
            "created_at": "2025-04-16T13:25:25Z",
            "disk": 60,
            "id": "489719986",
            "image": "ubuntu-22-04-x64",
            "ipv4_address": "142.93.206.205",
            "ipv4_address_private": "10.116.16.3",
            "ipv6": false,
            "ipv6_address": "",
            "locked": false,
            "memory": 2048,
            "monitoring": false,
            "name": "vm-wp-2",
            "price_hourly": 0.02679,
            "price_monthly": 18,
            "private_networking": true,
            "region": "nyc1",
            "resize_disk": true,
            "size": "s-2vcpu-2gb",
            "ssh_keys": [
              "f9:27:bf:af:6c:73:e8:f0:f5:9c:03:68:33:ff:85:d5"
            ],
            "status": "active",
            "tags": null,
            "urn": "do:droplet:489719986",
            "user_data": null,
            "vcpus": 2,
            "volume_ids": [],
            "vpc_uuid": "f3159fd6-0b87-48b2-9908-4203fefc946d"
          },
          "sensitive_attributes": [],
          "private": "eyJzY2hlbWFfdmVyc2lvbiI6IjEifQ==",
          "dependencies": [
            "digitalocean_ssh_key.ssh",
            "module.wp_stack.digitalocean_vpc.wp_net"
          ]
        }
      ]
    },
    {
      "module": "module.wp_stack",
      "mode": "managed",
      "type": "digitalocean_loadbalancer",
      "name": "wp_lb",
      "provider": "provider[\"registry.terraform.io/digitalocean/digitalocean\"]",
      "instances": [
        {
          "schema_version": 1,
          "attributes": {
            "algorithm": "round_robin",
            "droplet_ids": [
              489719986,
              489719987
            ],
            "droplet_tag": "",
            "enable_backend_keepalive": false,
            "enable_proxy_protocol": false,
            "forwarding_rule": [
              {
                "certificate_id": "",
                "certificate_name": "",
                "entry_port": 80,
                "entry_protocol": "http",
                "target_port": 80,
                "target_protocol": "http",
                "tls_passthrough": false
              }
            ],
            "healthcheck": [
              {
                "check_interval_seconds": 10,
                "healthy_threshold": 5,
                "path": "/",
                "port": 80,
                "protocol": "http",
                "response_timeout_seconds": 5,
                "unhealthy_threshold": 3
              }
            ],
            "id": "45a821a8-1c13-4061-bfea-c80477f74ae0",
            "ip": "24.144.65.58",
            "name": "wp-lb",
            "redirect_http_to_https": false,
            "region": "nyc1",
            "status": "active",
            "sticky_sessions": [
              {
                "cookie_name": "",
                "cookie_ttl_seconds": 0,
                "type": "none"
              }
            ],
            "urn": "do:loadbalancer:45a821a8-1c13-4061-bfea-c80477f74ae0",
            "vpc_uuid": "f3159fd6-0b87-48b2-9908-4203fefc946d"
          },
          "sensitive_attributes": [],
          "private": "",
          "dependencies": [
            "digitalocean_ssh_key.ssh",
            "module.wp_stack.digitalocean_droplet.vm_wp",
            "module.wp_stack.digitalocean_vpc.wp_net"
          ]
        }
      ]
    },
    {
      "module": "module.wp_stack",
      "mode": "managed",
      "type": "digitalocean_vpc",
      "name": "wp_net",
      "provider": "provider[\"registry.terraform.io/digitalocean/digitalocean\"]",
      "instances": [
        {
          "schema_version": 0,
          "attributes": {
            "created_at": "2025-04-16 13:25:24 +0000 UTC",
            "default": false,
            "description": "",
            "id": "f3159fd6-0b87-48b2-9908-4203fefc946d",
            "ip_range": "10.116.16.0/20",
            "name": "wp-network",
            "region": "nyc1",
            "timeouts": null,
            "urn": "do:vpc:f3159fd6-0b87-48b2-9908-4203fefc946d"
          },
          "sensitive_attributes": [],
          "private": ""
        }
      ]
    }
  ],
  "check_results": [
    {
      "object_kind": "var",
      "config_addr": "var.wp_vm_count",
      "status": "pass",
      "objects": [
        {
          "object_addr": "var.wp_vm_count",
          "status": "pass"
        }
      ]
    },
    {
      "object_kind": "var",
      "config_addr": "module.wp_stack.var.wp_vm_count",
      "status": "pass",
      "objects": [
        {
          "object_addr": "module.wp_stack.var.wp_vm_count",
          "status": "pass"
        }
      ]
    }
  ]
}
