{
  "version": 4,
  "terraform_version": "1.11.0",
  "serial": 19,
  "lineage": "c9de6bd8-8ef3-1ea9-87a8-ef10a2a44827",
  "outputs": {},
  "resources": [
    {
      "mode": "managed",
      "type": "local_file",
      "name": "foo",
      "provider": "provider[\"registry.terraform.io/hashicorp/local\"]",
      "instances": [
        {
          "schema_version": 0,
          "attributes": {
            "content": "O valor que vou passar de máquina é s-1vcpu-2gb, s-1vcpu-4gb, s-1vcpu-8gb",
            "content_base64": null,
            "content_base64sha256": "8b30Mc0uv/lCIp/svAFUoNAFA6JQxL0tcrxd+35sdh0=",
            "content_base64sha512": "n1ogNfT0DeiQ5DndnS0QdCWt+Qb8LJit0eN8AYRgpnA/PGD9fshiJ0I3IHwSi7Tf1AyheAZoTaBoX+NmESpAtw==",
            "content_md5": "c9211f8fd5ae23548f3bb3febdde2ab3",
            "content_sha1": "88ab102a36ea736db6aa375b52d8c9cf7aa25696",
            "content_sha256": "f1bdf431cd2ebff942229fecbc0154a0d00503a250c4bd2d72bc5dfb7e6c761d",
            "content_sha512": "9f5a2035f4f40de890e439dd9d2d107425adf906fc2c98add1e37c018460a6703f3c60fd7ec862274237207c128bb4dfd40ca17806684da0685fe366112a40b7",
            "directory_permission": "0777",
            "file_permission": "0777",
            "filename": "./arquivo.txt",
            "id": "88ab102a36ea736db6aa375b52d8c9cf7aa25696",
            "sensitive_content": null,
            "source": null
          },
          "sensitive_attributes": [
            [
              {
                "type": "get_attr",
                "value": "sensitive_content"
              }
            ]
          ]
        }
      ]
    }
  ],
  "check_results": null
}
