{
  "version": 4,
  "terraform_version": "1.11.0",
  "serial": 16,
  "lineage": "c9de6bd8-8ef3-1ea9-87a8-ef10a2a44827",
  "outputs": {},
  "resources": [
    {
      "mode": "managed",
      "type": "local_file",
      "name": "foo",
      "provider": "provider[\"registry.terraform.io/hashicorp/local\"]",
      "instances": [
        {
          "schema_version": 0,
          "attributes": {
            "content": "O valor que vou passar de máquina é s-1vcpu-2gb",
            "content_base64": null,
            "content_base64sha256": "Fi7BNK/Uv8Tt0UgR03rSduNTlYcu2bZrRnV01ogAGto=",
            "content_base64sha512": "kkKQ8wkrme/Mbv6F2NLoMEbX6omTXvP2ySqAZdOQuqfZz/rGmmeeMTAGY8RqvPzqf/G8QPDDNt2O5sSOJwu2YA==",
            "content_md5": "2a2c912fc718259672c27ed3c126b39d",
            "content_sha1": "3981dc89a5a63a398e8cb5292f87dc6e7179fcba",
            "content_sha256": "162ec134afd4bfc4edd14811d37ad276e35395872ed9b66b467574d688001ada",
            "content_sha512": "924290f3092b99efcc6efe85d8d2e83046d7ea89935ef3f6c92a8065d390baa7d9cffac69a679e31300663c46abcfcea7ff1bc40f0c336dd8ee6c48e270bb660",
            "directory_permission": "0777",
            "file_permission": "0777",
            "filename": "./arquivo.txt",
            "id": "3981dc89a5a63a398e8cb5292f87dc6e7179fcba",
            "sensitive_content": null,
            "source": null
          },
          "sensitive_attributes": [
            [
              {
                "type": "get_attr",
                "value": "sensitive_content"
              }
            ]
          ]
        }
      ]
    }
  ],
  "check_results": null
}
