{
  "version": 4,
  "terraform_version": "1.11.0",
  "serial": 13,
  "lineage": "c9de6bd8-8ef3-1ea9-87a8-ef10a2a44827",
  "outputs": {},
  "resources": [
    {
      "mode": "managed",
      "type": "local_file",
      "name": "foo",
      "provider": "provider[\"registry.terraform.io/hashicorp/local\"]",
      "instances": [
        {
          "schema_version": 0,
          "attributes": {
            "content": "O valor que vou passar de máquina é Maquina01",
            "content_base64": null,
            "content_base64sha256": "A+XN9ttvqrkeBm9sZfPhlRhSavh1EXh9eNcopuTTf2w=",
            "content_base64sha512": "0qyM+bsXSzbYxsP8ESwdujNssRYZLmiOOHSsw7xGlvJ/Oq+LAMrohUoS0IngzLLOxuF1esqTPCJLx3MMKUqmbw==",
            "content_md5": "0e9547c3f8fd5fd2617145fdd5375d94",
            "content_sha1": "1a3a8c7066b98d30cbb640472d085860070365c6",
            "content_sha256": "03e5cdf6db6faab91e066f6c65f3e19518526af87511787d78d728a6e4d37f6c",
            "content_sha512": "d2ac8cf9bb174b36d8c6c3fc112c1dba336cb116192e688e3874acc3bc4696f27f3aaf8b00cae8854a12d089e0ccb2cec6e1757aca933c224bc7730c294aa66f",
            "directory_permission": "0777",
            "file_permission": "0777",
            "filename": "./arquivo.txt",
            "id": "1a3a8c7066b98d30cbb640472d085860070365c6",
            "sensitive_content": null,
            "source": null
          },
          "sensitive_attributes": [
            [
              {
                "type": "get_attr",
                "value": "sensitive_content"
              }
            ]
          ]
        }
      ]
    }
  ],
  "check_results": null
}
